
Microsoft Visual Studio Solution File, Format Version 11.00
# Visual Studio 2010
Project("{FAE04EC0-301F-11D3-BF4B-00C04F79EFBC}") = "WarStory", "WarStory\WarStory.csproj", "{79C2AF7B-D3CB-4EE4-B943-0862DD1298FC}"
EndProject
Global
	GlobalSection(SolutionConfigurationPlatforms) = preSolution
		Debug|Any CPU = Debug|Any CPU
		Release|Any CPU = Release|Any CPU
	EndGlobalSection
	GlobalSection(ProjectConfigurationPlatforms) = postSolution
		{79C2AF7B-D3CB-4EE4-B943-0862DD1298FC}.Debug|Any CPU.ActiveCfg = Debug|Any CPU
		{79C2AF7B-D3CB-4EE4-B943-0862DD1298FC}.Debug|Any CPU.Build.0 = Debug|Any CPU
		{79C2AF7B-D3CB-4EE4-B943-0862DD1298FC}.Release|Any CPU.ActiveCfg = Release|Any CPU
		{79C2AF7B-D3CB-4EE4-B943-0862DD1298FC}.Release|Any CPU.Build.0 = Release|Any CPU
	EndGlobalSection
	GlobalSection(SolutionProperties) = preSolution
		HideSolutionNode = FALSE
	EndGlobalSection
EndGlobal
